
Microsoft Visual Studio Solution File, Format Version 12.00
# Visual Studio Version 16
VisualStudioVersion = 16.0.30011.22
MinimumVisualStudioVersion = 10.0.40219.1
Project("{FAE04EC0-301F-11D3-BF4B-00C04F79EFBC}") = "WPFWeather", "WPFWeather\WPFWeather.csproj", "{603240EE-0B45-4F12-B2E8-612585BFAAFC}"
EndProject
Global
	GlobalSection(SolutionConfigurationPlatforms) = preSolution
		Debug|Any CPU = Debug|Any CPU
		Release|Any CPU = Release|Any CPU
	EndGlobalSection
	GlobalSection(ProjectConfigurationPlatforms) = postSolution
		{603240EE-0B45-4F12-B2E8-612585BFAAFC}.Debug|Any CPU.ActiveCfg = Debug|Any CPU
		{603240EE-0B45-4F12-B2E8-612585BFAAFC}.Debug|Any CPU.Build.0 = Debug|Any CPU
		{603240EE-0B45-4F12-B2E8-612585BFAAFC}.Release|Any CPU.ActiveCfg = Release|Any CPU
		{603240EE-0B45-4F12-B2E8-612585BFAAFC}.Release|Any CPU.Build.0 = Release|Any CPU
	EndGlobalSection
	GlobalSection(SolutionProperties) = preSolution
		HideSolutionNode = FALSE
	EndGlobalSection
	GlobalSection(ExtensibilityGlobals) = postSolution
		SolutionGuid = {45EBA547-4C3B-47B8-A884-EA42021CB98A}
	EndGlobalSection
EndGlobal
